# THIS IS AN AUTOGENERATED FILE. DO NOT EDIT THIS FILE DIRECTLY.
# yarn lockfile v1


workerout@^1.0.1:
  version "1.0.1"
  resolved "https://registry.yarnpkg.com/workerout/-/workerout-1.0.1.tgz#5370688ac2231009315b19db4f629f1aeb20b272"
  integrity sha512-zMusBO2Veyi2h14fy/4J4vcaGmiUpTkLNmTMJA1HaWx+qEIqwe0RWG3uhyRIdWp57SAVumKXsFYUJ2NtV+Bwag==
